PODS:
  - Fabric (1.6.9)
  - Realm (2.0.2):
    - Realm/Headers (= 2.0.2)
  - Realm/Headers (2.0.2)
  - RealmSwift (2.0.2):
    - Realm (= 2.0.2)
  - TwitterCore (2.5.0):
    - Fabric
  - TwitterKit (2.5.0):
    - TwitterCore (= 2.5.0)

DEPENDENCIES:
  - Fabric
  - RealmSwift
  - TwitterCore
  - TwitterKit

SPEC CHECKSUMS:
  Fabric: bc5bec42cef4bcf1ee3ce0e218fc518e4b44dfbb
  Realm: 0f5a194af0b7e6158b83db41b4ee1a00be7ddf1a
  RealmSwift: 0eb5070d851cba7c66e841ca756d83609dc78bc8
  TwitterCore: 95c46af93112768a7983bd370d66023553601d01
  TwitterKit: dd8042698b0ff5bd3066fa919b3b2b50d8eed829

PODFILE CHECKSUM: 70dadcaf689a4964d2b9551c7227ef67ed4deed2

COCOAPODS: 1.0.1
